// !$*UTF8*$!
{
	archiveVersion = 1;
	classes = {
	};
	objectVersion = 55;
	objects = {

/* Begin PBXBuildFile section */
		8E014D502743DF330026DE01 /* DetailsViewController.swift in Sources */ = {isa = PBXBuildFile; fileRef = 8E014D4F2743DF330026DE01 /* DetailsViewController.swift */; };
		8E014D522743E0410026DE01 /* DetailsViewModel.swift in Sources */ = {isa = PBXBuildFile; fileRef = 8E014D512743E0410026DE01 /* DetailsViewModel.swift */; };
		8E014D542743E8E40026DE01 /* ImageSaverService.swift in Sources */ = {isa = PBXBuildFile; fileRef = 8E014D532743E8E40026DE01 /* ImageSaverService.swift */; };
		8E02FE8C274156030070C610 /* PhotoListViewModel.swift in Sources */ = {isa = PBXBuildFile; fileRef = 8E02FE8B274156030070C610 /* PhotoListViewModel.swift */; };
		8E02FE912741A7C80070C610 /* PhotoCell.swift in Sources */ = {isa = PBXBuildFile; fileRef = 8E02FE902741A7C80070C610 /* PhotoCell.swift */; };
		8E07E6002742D15B00B0A829 /* Extension+UIImageView.swift in Sources */ = {isa = PBXBuildFile; fileRef = 8E07E5FF2742D15B00B0A829 /* Extension+UIImageView.swift */; };
		8E07E6022742E03300B0A829 /* Debounce.swift in Sources */ = {isa = PBXBuildFile; fileRef = 8E07E6012742E03300B0A829 /* Debounce.swift */; };
		8E07E6032742F97F00B0A829 /* PhotoListViewController.swift in Sources */ = {isa = PBXBuildFile; fileRef = 8E7BBAD027400C4500884DF3 /* PhotoListViewController.swift */; };
		8E7BBACD27400C4500884DF3 /* AppDelegate.swift in Sources */ = {isa = PBXBuildFile; fileRef = 8E7BBACC27400C4500884DF3 /* AppDelegate.swift */; };
		8E7BBACF27400C4500884DF3 /* SceneDelegate.swift in Sources */ = {isa = PBXBuildFile; fileRef = 8E7BBACE27400C4500884DF3 /* SceneDelegate.swift */; };
		8E7BBAD627400C4600884DF3 /* Assets.xcassets in Resources */ = {isa = PBXBuildFile; fileRef = 8E7BBAD527400C4600884DF3 /* Assets.xcassets */; };
		8E7BBAD927400C4600884DF3 /* LaunchScreen.storyboard in Resources */ = {isa = PBXBuildFile; fileRef = 8E7BBAD727400C4600884DF3 /* LaunchScreen.storyboard */; };
		8E7BBAEC274025D600884DF3 /* NetworkService.swift in Sources */ = {isa = PBXBuildFile; fileRef = 8E7BBAEB274025D600884DF3 /* NetworkService.swift */; };
		8E7BBAEF2740267100884DF3 /* NetworkManager.swift in Sources */ = {isa = PBXBuildFile; fileRef = 8E7BBAEE2740267100884DF3 /* NetworkManager.swift */; };
		8E7BBAF1274033CE00884DF3 /* Photo.swift in Sources */ = {isa = PBXBuildFile; fileRef = 8E7BBAF0274033CE00884DF3 /* Photo.swift */; };
		8E7BBAF427405BD500884DF3 /* DataParser.swift in Sources */ = {isa = PBXBuildFile; fileRef = 8E7BBAF327405BD500884DF3 /* DataParser.swift */; };
		8E7BBAF627405BF300884DF3 /* Request.swift in Sources */ = {isa = PBXBuildFile; fileRef = 8E7BBAF527405BF300884DF3 /* Request.swift */; };
		8E7BBAF827405C8500884DF3 /* NetworkError.swift in Sources */ = {isa = PBXBuildFile; fileRef = 8E7BBAF727405C8500884DF3 /* NetworkError.swift */; };
		8EF55D3A27441CCD00E23965 /* PhotoListDTO.swift in Sources */ = {isa = PBXBuildFile; fileRef = 8EF55D3927441CCD00E23965 /* PhotoListDTO.swift */; };
/* End PBXBuildFile section */

/* Begin PBXFileReference section */
		8E014D4F2743DF330026DE01 /* DetailsViewController.swift */ = {isa = PBXFileReference; lastKnownFileType = sourcecode.swift; path = DetailsViewController.swift; sourceTree = "<group>"; };
		8E014D512743E0410026DE01 /* DetailsViewModel.swift */ = {isa = PBXFileReference; lastKnownFileType = sourcecode.swift; path = DetailsViewModel.swift; sourceTree = "<group>"; };
		8E014D532743E8E40026DE01 /* ImageSaverService.swift */ = {isa = PBXFileReference; lastKnownFileType = sourcecode.swift; path = ImageSaverService.swift; sourceTree = "<group>"; };
		8E02FE8B274156030070C610 /* PhotoListViewModel.swift */ = {isa = PBXFileReference; lastKnownFileType = sourcecode.swift; path = PhotoListViewModel.swift; sourceTree = "<group>"; };
		8E02FE902741A7C80070C610 /* PhotoCell.swift */ = {isa = PBXFileReference; lastKnownFileType = sourcecode.swift; path = PhotoCell.swift; sourceTree = "<group>"; };
		8E07E5FF2742D15B00B0A829 /* Extension+UIImageView.swift */ = {isa = PBXFileReference; lastKnownFileType = sourcecode.swift; path = "Extension+UIImageView.swift"; sourceTree = "<group>"; };
		8E07E6012742E03300B0A829 /* Debounce.swift */ = {isa = PBXFileReference; lastKnownFileType = sourcecode.swift; path = Debounce.swift; sourceTree = "<group>"; };
		8E7BBAC927400C4500884DF3 /* flicker.app */ = {isa = PBXFileReference; explicitFileType = wrapper.application; includeInIndex = 0; path = flicker.app; sourceTree = BUILT_PRODUCTS_DIR; };
		8E7BBACC27400C4500884DF3 /* AppDelegate.swift */ = {isa = PBXFileReference; lastKnownFileType = sourcecode.swift; path = AppDelegate.swift; sourceTree = "<group>"; };
		8E7BBACE27400C4500884DF3 /* SceneDelegate.swift */ = {isa = PBXFileReference; lastKnownFileType = sourcecode.swift; path = SceneDelegate.swift; sourceTree = "<group>"; };
		8E7BBAD027400C4500884DF3 /* PhotoListViewController.swift */ = {isa = PBXFileReference; lastKnownFileType = sourcecode.swift; path = PhotoListViewController.swift; sourceTree = "<group>"; };
		8E7BBAD527400C4600884DF3 /* Assets.xcassets */ = {isa = PBXFileReference; lastKnownFileType = folder.assetcatalog; path = Assets.xcassets; sourceTree = "<group>"; };
		8E7BBAD827400C4600884DF3 /* Base */ = {isa = PBXFileReference; lastKnownFileType = file.storyboard; name = Base; path = Base.lproj/LaunchScreen.storyboard; sourceTree = "<group>"; };
		8E7BBADA27400C4600884DF3 /* Info.plist */ = {isa = PBXFileReference; lastKnownFileType = text.plist.xml; path = Info.plist; sourceTree = "<group>"; };
		8E7BBAEB274025D600884DF3 /* NetworkService.swift */ = {isa = PBXFileReference; lastKnownFileType = sourcecode.swift; path = NetworkService.swift; sourceTree = "<group>"; };
		8E7BBAEE2740267100884DF3 /* NetworkManager.swift */ = {isa = PBXFileReference; lastKnownFileType = sourcecode.swift; path = NetworkManager.swift; sourceTree = "<group>"; };
		8E7BBAF0274033CE00884DF3 /* Photo.swift */ = {isa = PBXFileReference; lastKnownFileType = sourcecode.swift; path = Photo.swift; sourceTree = "<group>"; };
		8E7BBAF327405BD500884DF3 /* DataParser.swift */ = {isa = PBXFileReference; lastKnownFileType = sourcecode.swift; path = DataParser.swift; sourceTree = "<group>"; };
		8E7BBAF527405BF300884DF3 /* Request.swift */ = {isa = PBXFileReference; lastKnownFileType = sourcecode.swift; path = Request.swift; sourceTree = "<group>"; };
		8E7BBAF727405C8500884DF3 /* NetworkError.swift */ = {isa = PBXFileReference; lastKnownFileType = sourcecode.swift; path = NetworkError.swift; sourceTree = "<group>"; };
		8EF55D3927441CCD00E23965 /* PhotoListDTO.swift */ = {isa = PBXFileReference; lastKnownFileType = sourcecode.swift; path = PhotoListDTO.swift; sourceTree = "<group>"; };
/* End PBXFileReference section */

/* Begin PBXFrameworksBuildPhase section */
		8E7BBAC627400C4500884DF3 /* Frameworks */ = {
			isa = PBXFrameworksBuildPhase;
			buildActionMask = 2147483647;
			files = (
			);
			runOnlyForDeploymentPostprocessing = 0;
		};
/* End PBXFrameworksBuildPhase section */

/* Begin PBXGroup section */
		8E014D4B2743DEFA0026DE01 /* Photo Details */ = {
			isa = PBXGroup;
			children = (
				8E014D4D2743DF090026DE01 /* View */,
				8E014D4C2743DF050026DE01 /* View Model */,
			);
			path = "Photo Details";
			sourceTree = "<group>";
		};
		8E014D4C2743DF050026DE01 /* View Model */ = {
			isa = PBXGroup;
			children = (
				8E014D512743E0410026DE01 /* DetailsViewModel.swift */,
			);
			path = "View Model";
			sourceTree = "<group>";
		};
		8E014D4D2743DF090026DE01 /* View */ = {
			isa = PBXGroup;
			children = (
				8E014D4F2743DF330026DE01 /* DetailsViewController.swift */,
			);
			path = View;
			sourceTree = "<group>";
		};
		8E02FE8D274166610070C610 /* Extension */ = {
			isa = PBXGroup;
			children = (
				8E07E5FF2742D15B00B0A829 /* Extension+UIImageView.swift */,
			);
			path = Extension;
			sourceTree = "<group>";
		};
		8E7BBAC027400C4500884DF3 = {
			isa = PBXGroup;
			children = (
				8E7BBACB27400C4500884DF3 /* flicker */,
				8E7BBACA27400C4500884DF3 /* Products */,
			);
			sourceTree = "<group>";
		};
		8E7BBACA27400C4500884DF3 /* Products */ = {
			isa = PBXGroup;
			children = (
				8E7BBAC927400C4500884DF3 /* flicker.app */,
			);
			name = Products;
			sourceTree = "<group>";
		};
		8E7BBACB27400C4500884DF3 /* flicker */ = {
			isa = PBXGroup;
			children = (
				8E02FE8D274166610070C610 /* Extension */,
				8E7BBAED2740265000884DF3 /* Manager */,
				8E7BBAE52740224E00884DF3 /* Modules */,
				8E7BBAE42740224300884DF3 /* Service */,
				8E7BBAEA2740229E00884DF3 /* Utility */,
				8E7BBACC27400C4500884DF3 /* AppDelegate.swift */,
				8E7BBACE27400C4500884DF3 /* SceneDelegate.swift */,
				8E7BBAD727400C4600884DF3 /* LaunchScreen.storyboard */,
				8E7BBAD527400C4600884DF3 /* Assets.xcassets */,
				8E7BBADA27400C4600884DF3 /* Info.plist */,
			);
			path = flicker;
			sourceTree = "<group>";
		};
		8E7BBAE42740224300884DF3 /* Service */ = {
			isa = PBXGroup;
			children = (
				8E7BBAF227405BB800884DF3 /* Network */,
				8E014D532743E8E40026DE01 /* ImageSaverService.swift */,
			);
			path = Service;
			sourceTree = "<group>";
		};
		8E7BBAE52740224E00884DF3 /* Modules */ = {
			isa = PBXGroup;
			children = (
				8E014D4B2743DEFA0026DE01 /* Photo Details */,
				8E7BBAE62740226100884DF3 /* Photo List */,
			);
			path = Modules;
			sourceTree = "<group>";
		};
		8E7BBAE62740226100884DF3 /* Photo List */ = {
			isa = PBXGroup;
			children = (
				8E7BBAE72740227200884DF3 /* Model */,
				8E7BBAE82740227A00884DF3 /* View */,
				8E7BBAE92740228000884DF3 /* View Model */,
			);
			path = "Photo List";
			sourceTree = "<group>";
		};
		8E7BBAE72740227200884DF3 /* Model */ = {
			isa = PBXGroup;
			children = (
				8E7BBAF0274033CE00884DF3 /* Photo.swift */,
				8EF55D3927441CCD00E23965 /* PhotoListDTO.swift */,
			);
			path = Model;
			sourceTree = "<group>";
		};
		8E7BBAE82740227A00884DF3 /* View */ = {
			isa = PBXGroup;
			children = (
				8E7BBAD027400C4500884DF3 /* PhotoListViewController.swift */,
				8E02FE902741A7C80070C610 /* PhotoCell.swift */,
			);
			path = View;
			sourceTree = "<group>";
		};
		8E7BBAE92740228000884DF3 /* View Model */ = {
			isa = PBXGroup;
			children = (
				8E02FE8B274156030070C610 /* PhotoListViewModel.swift */,
			);
			path = "View Model";
			sourceTree = "<group>";
		};
		8E7BBAEA2740229E00884DF3 /* Utility */ = {
			isa = PBXGroup;
			children = (
				8E07E6012742E03300B0A829 /* Debounce.swift */,
			);
			path = Utility;
			sourceTree = "<group>";
		};
		8E7BBAED2740265000884DF3 /* Manager */ = {
			isa = PBXGroup;
			children = (
				8E7BBAEE2740267100884DF3 /* NetworkManager.swift */,
			);
			path = Manager;
			sourceTree = "<group>";
		};
		8E7BBAF227405BB800884DF3 /* Network */ = {
			isa = PBXGroup;
			children = (
				8E7BBAEB274025D600884DF3 /* NetworkService.swift */,
				8E7BBAF327405BD500884DF3 /* DataParser.swift */,
				8E7BBAF527405BF300884DF3 /* Request.swift */,
				8E7BBAF727405C8500884DF3 /* NetworkError.swift */,
			);
			path = Network;
			sourceTree = "<group>";
		};
/* End PBXGroup section */

/* Begin PBXNativeTarget section */
		8E7BBAC827400C4500884DF3 /* flicker */ = {
			isa = PBXNativeTarget;
			buildConfigurationList = 8E7BBADD27400C4600884DF3 /* Build configuration list for PBXNativeTarget "flicker" */;
			buildPhases = (
				8E7BBAC527400C4500884DF3 /* Sources */,
				8E7BBAC627400C4500884DF3 /* Frameworks */,
				8E7BBAC727400C4500884DF3 /* Resources */,
			);
			buildRules = (
			);
			dependencies = (
			);
			name = flicker;
			productName = flicker;
			productReference = 8E7BBAC927400C4500884DF3 /* flicker.app */;
			productType = "com.apple.product-type.application";
		};
/* End PBXNativeTarget section */

/* Begin PBXProject section */
		8E7BBAC127400C4500884DF3 /* Project object */ = {
			isa = PBXProject;
			attributes = {
				BuildIndependentTargetsInParallel = 1;
				LastSwiftUpdateCheck = 1310;
				LastUpgradeCheck = 1310;
				TargetAttributes = {
					8E7BBAC827400C4500884DF3 = {
						CreatedOnToolsVersion = 13.1;
					};
				};
			};
			buildConfigurationList = 8E7BBAC427400C4500884DF3 /* Build configuration list for PBXProject "flicker" */;
			compatibilityVersion = "Xcode 13.0";
			developmentRegion = en;
			hasScannedForEncodings = 0;
			knownRegions = (
				en,
				Base,
			);
			mainGroup = 8E7BBAC027400C4500884DF3;
			productRefGroup = 8E7BBACA27400C4500884DF3 /* Products */;
			projectDirPath = "";
			projectRoot = "";
			targets = (
				8E7BBAC827400C4500884DF3 /* flicker */,
			);
		};
/* End PBXProject section */

/* Begin PBXResourcesBuildPhase section */
		8E7BBAC727400C4500884DF3 /* Resources */ = {
			isa = PBXResourcesBuildPhase;
			buildActionMask = 2147483647;
			files = (
				8E7BBAD927400C4600884DF3 /* LaunchScreen.storyboard in Resources */,
				8E7BBAD627400C4600884DF3 /* Assets.xcassets in Resources */,
			);
			runOnlyForDeploymentPostprocessing = 0;
		};
/* End PBXResourcesBuildPhase section */

/* Begin PBXSourcesBuildPhase section */
		8E7BBAC527400C4500884DF3 /* Sources */ = {
			isa = PBXSourcesBuildPhase;
			buildActionMask = 2147483647;
			files = (
				8E7BBAF1274033CE00884DF3 /* Photo.swift in Sources */,
				8E7BBAF627405BF300884DF3 /* Request.swift in Sources */,
				8E014D522743E0410026DE01 /* DetailsViewModel.swift in Sources */,
				8E02FE8C274156030070C610 /* PhotoListViewModel.swift in Sources */,
				8E07E6032742F97F00B0A829 /* PhotoListViewController.swift in Sources */,
				8E7BBACD27400C4500884DF3 /* AppDelegate.swift in Sources */,
				8EF55D3A27441CCD00E23965 /* PhotoListDTO.swift in Sources */,
				8E7BBAEF2740267100884DF3 /* NetworkManager.swift in Sources */,
				8E014D542743E8E40026DE01 /* ImageSaverService.swift in Sources */,
				8E7BBAEC274025D600884DF3 /* NetworkService.swift in Sources */,
				8E7BBAF827405C8500884DF3 /* NetworkError.swift in Sources */,
				8E7BBAF427405BD500884DF3 /* DataParser.swift in Sources */,
				8E02FE912741A7C80070C610 /* PhotoCell.swift in Sources */,
				8E07E6022742E03300B0A829 /* Debounce.swift in Sources */,
				8E014D502743DF330026DE01 /* DetailsViewController.swift in Sources */,
				8E07E6002742D15B00B0A829 /* Extension+UIImageView.swift in Sources */,
				8E7BBACF27400C4500884DF3 /* SceneDelegate.swift in Sources */,
			);
			runOnlyForDeploymentPostprocessing = 0;
		};
/* End PBXSourcesBuildPhase section */

/* Begin PBXVariantGroup section */
		8E7BBAD727400C4600884DF3 /* LaunchScreen.storyboard */ = {
			isa = PBXVariantGroup;
			children = (
				8E7BBAD827400C4600884DF3 /* Base */,
			);
			name = LaunchScreen.storyboard;
			sourceTree = "<group>";
		};
/* End PBXVariantGroup section */

/* Begin XCBuildConfiguration section */
		8E7BBADB27400C4600884DF3 /* Debug */ = {
			isa = XCBuildConfiguration;
			buildSettings = {
				ALWAYS_SEARCH_USER_PATHS = NO;
				CLANG_ANALYZER_NONNULL = YES;
				CLANG_ANALYZER_NUMBER_OBJECT_CONVERSION = YES_AGGRESSIVE;
				CLANG_CXX_LANGUAGE_STANDARD = "gnu++17";
				CLANG_CXX_LIBRARY = "libc++";
				CLANG_ENABLE_MODULES = YES;
				CLANG_ENABLE_OBJC_ARC = YES;
				CLANG_ENABLE_OBJC_WEAK = YES;
				CLANG_WARN_BLOCK_CAPTURE_AUTORELEASING = YES;
				CLANG_WARN_BOOL_CONVERSION = YES;
				CLANG_WARN_COMMA = YES;
				CLANG_WARN_CONSTANT_CONVERSION = YES;
				CLANG_WARN_DEPRECATED_OBJC_IMPLEMENTATIONS = YES;
				CLANG_WARN_DIRECT_OBJC_ISA_USAGE = YES_ERROR;
				CLANG_WARN_DOCUMENTATION_COMMENTS = YES;
				CLANG_WARN_EMPTY_BODY = YES;
				CLANG_WARN_ENUM_CONVERSION = YES;
				CLANG_WARN_INFINITE_RECURSION = YES;
				CLANG_WARN_INT_CONVERSION = YES;
				CLANG_WARN_NON_LITERAL_NULL_CONVERSION = YES;
				CLANG_WARN_OBJC_IMPLICIT_RETAIN_SELF = YES;
				CLANG_WARN_OBJC_LITERAL_CONVERSION = YES;
				CLANG_WARN_OBJC_ROOT_CLASS = YES_ERROR;
				CLANG_WARN_QUOTED_INCLUDE_IN_FRAMEWORK_HEADER = YES;
				CLANG_WARN_RANGE_LOOP_ANALYSIS = YES;
				CLANG_WARN_STRICT_PROTOTYPES = YES;
				CLANG_WARN_SUSPICIOUS_MOVE = YES;
				CLANG_WARN_UNGUARDED_AVAILABILITY = YES_AGGRESSIVE;
				CLANG_WARN_UNREACHABLE_CODE = YES;
				CLANG_WARN__DUPLICATE_METHOD_MATCH = YES;
				COPY_PHASE_STRIP = NO;
				DEBUG_INFORMATION_FORMAT = dwarf;
				ENABLE_STRICT_OBJC_MSGSEND = YES;
				ENABLE_TESTABILITY = YES;
				GCC_C_LANGUAGE_STANDARD = gnu11;
				GCC_DYNAMIC_NO_PIC = NO;
				GCC_NO_COMMON_BLOCKS = YES;
				GCC_OPTIMIZATION_LEVEL = 0;
				GCC_PREPROCESSOR_DEFINITIONS = (
					"DEBUG=1",
					"$(inherited)",
				);
				GCC_WARN_64_TO_32_BIT_CONVERSION = YES;
				GCC_WARN_ABOUT_RETURN_TYPE = YES_ERROR;
				GCC_WARN_UNDECLARED_SELECTOR = YES;
				GCC_WARN_UNINITIALIZED_AUTOS = YES_AGGRESSIVE;
				GCC_WARN_UNUSED_FUNCTION = YES;
				GCC_WARN_UNUSED_VARIABLE = YES;
				IPHONEOS_DEPLOYMENT_TARGET = 15.0;
				MTL_ENABLE_DEBUG_INFO = INCLUDE_SOURCE;
				MTL_FAST_MATH = YES;
				ONLY_ACTIVE_ARCH = YES;
				SDKROOT = iphoneos;
				SWIFT_ACTIVE_COMPILATION_CONDITIONS = DEBUG;
				SWIFT_OPTIMIZATION_LEVEL = "-Onone";
			};
			name = Debug;
		};
		8E7BBADC27400C4600884DF3 /* Release */ = {
			isa = XCBuildConfiguration;
			buildSettings = {
				ALWAYS_SEARCH_USER_PATHS = NO;
				CLANG_ANALYZER_NONNULL = YES;
				CLANG_ANALYZER_NUMBER_OBJECT_CONVERSION = YES_AGGRESSIVE;
				CLANG_CXX_LANGUAGE_STANDARD = "gnu++17";
				CLANG_CXX_LIBRARY = "libc++";
				CLANG_ENABLE_MODULES = YES;
				CLANG_ENABLE_OBJC_ARC = YES;
				CLANG_ENABLE_OBJC_WEAK = YES;
				CLANG_WARN_BLOCK_CAPTURE_AUTORELEASING = YES;
				CLANG_WARN_BOOL_CONVERSION = YES;
				CLANG_WARN_COMMA = YES;
				CLANG_WARN_CONSTANT_CONVERSION = YES;
				CLANG_WARN_DEPRECATED_OBJC_IMPLEMENTATIONS = YES;
				CLANG_WARN_DIRECT_OBJC_ISA_USAGE = YES_ERROR;
				CLANG_WARN_DOCUMENTATION_COMMENTS = YES;
				CLANG_WARN_EMPTY_BODY = YES;
				CLANG_WARN_ENUM_CONVERSION = YES;
				CLANG_WARN_INFINITE_RECURSION = YES;
				CLANG_WARN_INT_CONVERSION = YES;
				CLANG_WARN_NON_LITERAL_NULL_CONVERSION = YES;
				CLANG_WARN_OBJC_IMPLICIT_RETAIN_SELF = YES;
				CLANG_WARN_OBJC_LITERAL_CONVERSION = YES;
				CLANG_WARN_OBJC_ROOT_CLASS = YES_ERROR;
				CLANG_WARN_QUOTED_INCLUDE_IN_FRAMEWORK_HEADER = YES;
				CLANG_WARN_RANGE_LOOP_ANALYSIS = YES;
				CLANG_WARN_STRICT_PROTOTYPES = YES;
				CLANG_WARN_SUSPICIOUS_MOVE = YES;
				CLANG_WARN_UNGUARDED_AVAILABILITY = YES_AGGRESSIVE;
				CLANG_WARN_UNREACHABLE_CODE = YES;
				CLANG_WARN__DUPLICATE_METHOD_MATCH = YES;
				COPY_PHASE_STRIP = NO;
				DEBUG_INFORMATION_FORMAT = "dwarf-with-dsym";
				ENABLE_NS_ASSERTIONS = NO;
				ENABLE_STRICT_OBJC_MSGSEND = YES;
				GCC_C_LANGUAGE_STANDARD = gnu11;
				GCC_NO_COMMON_BLOCKS = YES;
				GCC_WARN_64_TO_32_BIT_CONVERSION = YES;
				GCC_WARN_ABOUT_RETURN_TYPE = YES_ERROR;
				GCC_WARN_UNDECLARED_SELECTOR = YES;
				GCC_WARN_UNINITIALIZED_AUTOS = YES_AGGRESSIVE;
				GCC_WARN_UNUSED_FUNCTION = YES;
				GCC_WARN_UNUSED_VARIABLE = YES;
				IPHONEOS_DEPLOYMENT_TARGET = 15.0;
				MTL_ENABLE_DEBUG_INFO = NO;
				MTL_FAST_MATH = YES;
				SDKROOT = iphoneos;
				SWIFT_COMPILATION_MODE = wholemodule;
				SWIFT_OPTIMIZATION_LEVEL = "-O";
				VALIDATE_PRODUCT = YES;
			};
			name = Release;
		};
		8E7BBADE27400C4600884DF3 /* Debug */ = {
			isa = XCBuildConfiguration;
			buildSettings = {
				ASSETCATALOG_COMPILER_APPICON_NAME = AppIcon;
				ASSETCATALOG_COMPILER_GLOBAL_ACCENT_COLOR_NAME = AccentColor;
				CODE_SIGN_STYLE = Automatic;
				CURRENT_PROJECT_VERSION = 1;
				DEVELOPMENT_TEAM = XT9F5GX364;
				GENERATE_INFOPLIST_FILE = YES;
				INFOPLIST_FILE = flicker/Info.plist;
				INFOPLIST_KEY_CFBundleDisplayName = Flicker;
				INFOPLIST_KEY_UIApplicationSupportsIndirectInputEvents = YES;
				INFOPLIST_KEY_UILaunchStoryboardName = LaunchScreen;
				INFOPLIST_KEY_UISupportedInterfaceOrientations = "UIInterfaceOrientationPortrait UIInterfaceOrientationPortraitUpsideDown";
				INFOPLIST_KEY_UISupportedInterfaceOrientations_iPad = "UIInterfaceOrientationPortrait UIInterfaceOrientationPortraitUpsideDown UIInterfaceOrientationLandscapeLeft UIInterfaceOrientationLandscapeRight";
				INFOPLIST_KEY_UISupportedInterfaceOrientations_iPhone = "UIInterfaceOrientationPortrait UIInterfaceOrientationLandscapeLeft UIInterfaceOrientationLandscapeRight";
				LD_RUNPATH_SEARCH_PATHS = (
					"$(inherited)",
					"@executable_path/Frameworks",
				);
				MARKETING_VERSION = 1.0;
				PRODUCT_BUNDLE_IDENTIFIER = home.flicker.test;
				PRODUCT_NAME = "$(TARGET_NAME)";
				SWIFT_EMIT_LOC_STRINGS = YES;
				SWIFT_VERSION = 5.0;
				TARGETED_DEVICE_FAMILY = "1,2";
			};
			name = Debug;
		};
		8E7BBADF27400C4600884DF3 /* Release */ = {
			isa = XCBuildConfiguration;
			buildSettings = {
				ASSETCATALOG_COMPILER_APPICON_NAME = AppIcon;
				ASSETCATALOG_COMPILER_GLOBAL_ACCENT_COLOR_NAME = AccentColor;
				CODE_SIGN_STYLE = Automatic;
				CURRENT_PROJECT_VERSION = 1;
				DEVELOPMENT_TEAM = XT9F5GX364;
				GENERATE_INFOPLIST_FILE = YES;
				INFOPLIST_FILE = flicker/Info.plist;
				INFOPLIST_KEY_CFBundleDisplayName = Flicker;
				INFOPLIST_KEY_UIApplicationSupportsIndirectInputEvents = YES;
				INFOPLIST_KEY_UILaunchStoryboardName = LaunchScreen;
				INFOPLIST_KEY_UISupportedInterfaceOrientations = "UIInterfaceOrientationPortrait UIInterfaceOrientationPortraitUpsideDown";
				INFOPLIST_KEY_UISupportedInterfaceOrientations_iPad = "UIInterfaceOrientationPortrait UIInterfaceOrientationPortraitUpsideDown UIInterfaceOrientationLandscapeLeft UIInterfaceOrientationLandscapeRight";
				INFOPLIST_KEY_UISupportedInterfaceOrientations_iPhone = "UIInterfaceOrientationPortrait UIInterfaceOrientationLandscapeLeft UIInterfaceOrientationLandscapeRight";
				LD_RUNPATH_SEARCH_PATHS = (
					"$(inherited)",
					"@executable_path/Frameworks",
				);
				MARKETING_VERSION = 1.0;
				PRODUCT_BUNDLE_IDENTIFIER = home.flicker.test;
				PRODUCT_NAME = "$(TARGET_NAME)";
				SWIFT_EMIT_LOC_STRINGS = YES;
				SWIFT_VERSION = 5.0;
				TARGETED_DEVICE_FAMILY = "1,2";
			};
			name = Release;
		};
/* End XCBuildConfiguration section */

/* Begin XCConfigurationList section */
		8E7BBAC427400C4500884DF3 /* Build configuration list for PBXProject "flicker" */ = {
			isa = XCConfigurationList;
			buildConfigurations = (
				8E7BBADB27400C4600884DF3 /* Debug */,
				8E7BBADC27400C4600884DF3 /* Release */,
			);
			defaultConfigurationIsVisible = 0;
			defaultConfigurationName = Release;
		};
		8E7BBADD27400C4600884DF3 /* Build configuration list for PBXNativeTarget "flicker" */ = {
			isa = XCConfigurationList;
			buildConfigurations = (
				8E7BBADE27400C4600884DF3 /* Debug */,
				8E7BBADF27400C4600884DF3 /* Release */,
			);
			defaultConfigurationIsVisible = 0;
			defaultConfigurationName = Release;
		};
/* End XCConfigurationList section */
	};
	rootObject = 8E7BBAC127400C4500884DF3 /* Project object */;
}
